// !$*UTF8*$!
{
	archiveVersion = 1;
	classes = {
	};
	objectVersion = 56;
	objects = {

/* Begin PBXBuildFile section */
		FA4EC7ED2A0861C400CD4E53 /* AppDelegate.swift in Sources */ = {isa = PBXBuildFile; fileRef = FA4EC7EC2A0861C400CD4E53 /* AppDelegate.swift */; };
		FA4EC7EF2A0861C400CD4E53 /* SceneDelegate.swift in Sources */ = {isa = PBXBuildFile; fileRef = FA4EC7EE2A0861C400CD4E53 /* SceneDelegate.swift */; };
		FA4EC7F12A0861C400CD4E53 /* RMTabBarController.swift in Sources */ = {isa = PBXBuildFile; fileRef = FA4EC7F02A0861C400CD4E53 /* RMTabBarController.swift */; };
		FA4EC7F62A0861C500CD4E53 /* Assets.xcassets in Resources */ = {isa = PBXBuildFile; fileRef = FA4EC7F52A0861C500CD4E53 /* Assets.xcassets */; };
		FA4EC7F92A0861C500CD4E53 /* LaunchScreen.storyboard in Resources */ = {isa = PBXBuildFile; fileRef = FA4EC7F72A0861C500CD4E53 /* LaunchScreen.storyboard */; };
		FA4EC8082A08656E00CD4E53 /* RMLocation.swift in Sources */ = {isa = PBXBuildFile; fileRef = FA4EC8072A08656E00CD4E53 /* RMLocation.swift */; };
		FA4EC80A2A08658000CD4E53 /* RMCharacter.swift in Sources */ = {isa = PBXBuildFile; fileRef = FA4EC8092A08658000CD4E53 /* RMCharacter.swift */; };
		FA4EC80C2A08659800CD4E53 /* RMEpisode.swift in Sources */ = {isa = PBXBuildFile; fileRef = FA4EC80B2A08659800CD4E53 /* RMEpisode.swift */; };
		FA4EC80F2A08665600CD4E53 /* RMCharacterViewController.swift in Sources */ = {isa = PBXBuildFile; fileRef = FA4EC80E2A08665600CD4E53 /* RMCharacterViewController.swift */; };
		FA4EC8112A08666700CD4E53 /* RMLocationViewController.swift in Sources */ = {isa = PBXBuildFile; fileRef = FA4EC8102A08666700CD4E53 /* RMLocationViewController.swift */; };
		FA4EC8132A08667B00CD4E53 /* RMEpisodeViewController.swift in Sources */ = {isa = PBXBuildFile; fileRef = FA4EC8122A08667B00CD4E53 /* RMEpisodeViewController.swift */; };
		FA4EC8152A08669F00CD4E53 /* RMSettingsViewController.swift in Sources */ = {isa = PBXBuildFile; fileRef = FA4EC8142A08669F00CD4E53 /* RMSettingsViewController.swift */; };
		FA4EC8172A0925F700CD4E53 /* RMService.swift in Sources */ = {isa = PBXBuildFile; fileRef = FA4EC8162A0925F700CD4E53 /* RMService.swift */; };
		FA4EC8192A09260A00CD4E53 /* RMRequest.swift in Sources */ = {isa = PBXBuildFile; fileRef = FA4EC8182A09260A00CD4E53 /* RMRequest.swift */; };
		FA4EC81B2A0926E200CD4E53 /* RMEndpoint.swift in Sources */ = {isa = PBXBuildFile; fileRef = FA4EC81A2A0926E200CD4E53 /* RMEndpoint.swift */; };
		FA4EC81D2A094D9100CD4E53 /* RMOrigin.swift in Sources */ = {isa = PBXBuildFile; fileRef = FA4EC81C2A094D9100CD4E53 /* RMOrigin.swift */; };
		FA4EC81F2A094E3B00CD4E53 /* RMSingleLocation.swift in Sources */ = {isa = PBXBuildFile; fileRef = FA4EC81E2A094E3B00CD4E53 /* RMSingleLocation.swift */; };
		FA4EC8212A094FA000CD4E53 /* RMCharacterStatus.swift in Sources */ = {isa = PBXBuildFile; fileRef = FA4EC8202A094FA000CD4E53 /* RMCharacterStatus.swift */; };
		FA4EC8232A09502D00CD4E53 /* RMCharacterGender.swift in Sources */ = {isa = PBXBuildFile; fileRef = FA4EC8222A09502D00CD4E53 /* RMCharacterGender.swift */; };
		FA4EC8272A0AAA1500CD4E53 /* RMGetAllCharactersResponse.swift in Sources */ = {isa = PBXBuildFile; fileRef = FA4EC8262A0AAA1500CD4E53 /* RMGetAllCharactersResponse.swift */; };
		FAEFB2872A0BC0E4009280B1 /* RMCharacterListViewViewModel.swift in Sources */ = {isa = PBXBuildFile; fileRef = FAEFB2862A0BC0E4009280B1 /* RMCharacterListViewViewModel.swift */; };
		FAEFB2892A0BC201009280B1 /* RMCharacterListView.swift in Sources */ = {isa = PBXBuildFile; fileRef = FAEFB2882A0BC201009280B1 /* RMCharacterListView.swift */; };
		FAEFB28B2A0BCE87009280B1 /* Extensions.swift in Sources */ = {isa = PBXBuildFile; fileRef = FAEFB28A2A0BCE87009280B1 /* Extensions.swift */; };
		FAEFB28D2A0BFA0A009280B1 /* RMCharacterCollectionViewCell.swift in Sources */ = {isa = PBXBuildFile; fileRef = FAEFB28C2A0BFA0A009280B1 /* RMCharacterCollectionViewCell.swift */; };
		FAEFB28F2A0BFBA9009280B1 /* RMCharacterCollectionViewCellViewModel.swift in Sources */ = {isa = PBXBuildFile; fileRef = FAEFB28E2A0BFBA9009280B1 /* RMCharacterCollectionViewCellViewModel.swift */; };
		FAEFB2922A0D4FCC009280B1 /* RMCharacterDetailViewController.swift in Sources */ = {isa = PBXBuildFile; fileRef = FAEFB2912A0D4FCC009280B1 /* RMCharacterDetailViewController.swift */; };
		FAEFB2942A0D513C009280B1 /* RMCharacterDetailView.swift in Sources */ = {isa = PBXBuildFile; fileRef = FAEFB2932A0D513C009280B1 /* RMCharacterDetailView.swift */; };
		FAEFB2962A0D5171009280B1 /* RMCharacterDetailViewViewModel.swift in Sources */ = {isa = PBXBuildFile; fileRef = FAEFB2952A0D5171009280B1 /* RMCharacterDetailViewViewModel.swift */; };
/* End PBXBuildFile section */

/* Begin PBXFileReference section */
		FA4EC7E92A0861C400CD4E53 /* RickAndMorty.app */ = {isa = PBXFileReference; explicitFileType = wrapper.application; includeInIndex = 0; path = RickAndMorty.app; sourceTree = BUILT_PRODUCTS_DIR; };
		FA4EC7EC2A0861C400CD4E53 /* AppDelegate.swift */ = {isa = PBXFileReference; lastKnownFileType = sourcecode.swift; path = AppDelegate.swift; sourceTree = "<group>"; };
		FA4EC7EE2A0861C400CD4E53 /* SceneDelegate.swift */ = {isa = PBXFileReference; lastKnownFileType = sourcecode.swift; path = SceneDelegate.swift; sourceTree = "<group>"; };
		FA4EC7F02A0861C400CD4E53 /* RMTabBarController.swift */ = {isa = PBXFileReference; lastKnownFileType = sourcecode.swift; path = RMTabBarController.swift; sourceTree = "<group>"; };
		FA4EC7F52A0861C500CD4E53 /* Assets.xcassets */ = {isa = PBXFileReference; lastKnownFileType = folder.assetcatalog; path = Assets.xcassets; sourceTree = "<group>"; };
		FA4EC7F82A0861C500CD4E53 /* Base */ = {isa = PBXFileReference; lastKnownFileType = file.storyboard; name = Base; path = Base.lproj/LaunchScreen.storyboard; sourceTree = "<group>"; };
		FA4EC7FA2A0861C500CD4E53 /* Info.plist */ = {isa = PBXFileReference; lastKnownFileType = text.plist.xml; path = Info.plist; sourceTree = "<group>"; };
		FA4EC8072A08656E00CD4E53 /* RMLocation.swift */ = {isa = PBXFileReference; lastKnownFileType = sourcecode.swift; path = RMLocation.swift; sourceTree = "<group>"; };
		FA4EC8092A08658000CD4E53 /* RMCharacter.swift */ = {isa = PBXFileReference; lastKnownFileType = sourcecode.swift; path = RMCharacter.swift; sourceTree = "<group>"; };
		FA4EC80B2A08659800CD4E53 /* RMEpisode.swift */ = {isa = PBXFileReference; lastKnownFileType = sourcecode.swift; path = RMEpisode.swift; sourceTree = "<group>"; };
		FA4EC80E2A08665600CD4E53 /* RMCharacterViewController.swift */ = {isa = PBXFileReference; lastKnownFileType = sourcecode.swift; path = RMCharacterViewController.swift; sourceTree = "<group>"; };
		FA4EC8102A08666700CD4E53 /* RMLocationViewController.swift */ = {isa = PBXFileReference; lastKnownFileType = sourcecode.swift; path = RMLocationViewController.swift; sourceTree = "<group>"; };
		FA4EC8122A08667B00CD4E53 /* RMEpisodeViewController.swift */ = {isa = PBXFileReference; lastKnownFileType = sourcecode.swift; path = RMEpisodeViewController.swift; sourceTree = "<group>"; };
		FA4EC8142A08669F00CD4E53 /* RMSettingsViewController.swift */ = {isa = PBXFileReference; lastKnownFileType = sourcecode.swift; path = RMSettingsViewController.swift; sourceTree = "<group>"; };
		FA4EC8162A0925F700CD4E53 /* RMService.swift */ = {isa = PBXFileReference; lastKnownFileType = sourcecode.swift; path = RMService.swift; sourceTree = "<group>"; };
		FA4EC8182A09260A00CD4E53 /* RMRequest.swift */ = {isa = PBXFileReference; lastKnownFileType = sourcecode.swift; path = RMRequest.swift; sourceTree = "<group>"; };
		FA4EC81A2A0926E200CD4E53 /* RMEndpoint.swift */ = {isa = PBXFileReference; lastKnownFileType = sourcecode.swift; path = RMEndpoint.swift; sourceTree = "<group>"; };
		FA4EC81C2A094D9100CD4E53 /* RMOrigin.swift */ = {isa = PBXFileReference; lastKnownFileType = sourcecode.swift; path = RMOrigin.swift; sourceTree = "<group>"; };
		FA4EC81E2A094E3B00CD4E53 /* RMSingleLocation.swift */ = {isa = PBXFileReference; lastKnownFileType = sourcecode.swift; path = RMSingleLocation.swift; sourceTree = "<group>"; };
		FA4EC8202A094FA000CD4E53 /* RMCharacterStatus.swift */ = {isa = PBXFileReference; lastKnownFileType = sourcecode.swift; path = RMCharacterStatus.swift; sourceTree = "<group>"; };
		FA4EC8222A09502D00CD4E53 /* RMCharacterGender.swift */ = {isa = PBXFileReference; lastKnownFileType = sourcecode.swift; path = RMCharacterGender.swift; sourceTree = "<group>"; };
		FA4EC8262A0AAA1500CD4E53 /* RMGetAllCharactersResponse.swift */ = {isa = PBXFileReference; lastKnownFileType = sourcecode.swift; path = RMGetAllCharactersResponse.swift; sourceTree = "<group>"; };
		FAEFB2862A0BC0E4009280B1 /* RMCharacterListViewViewModel.swift */ = {isa = PBXFileReference; lastKnownFileType = sourcecode.swift; path = RMCharacterListViewViewModel.swift; sourceTree = "<group>"; };
		FAEFB2882A0BC201009280B1 /* RMCharacterListView.swift */ = {isa = PBXFileReference; lastKnownFileType = sourcecode.swift; path = RMCharacterListView.swift; sourceTree = "<group>"; };
		FAEFB28A2A0BCE87009280B1 /* Extensions.swift */ = {isa = PBXFileReference; lastKnownFileType = sourcecode.swift; path = Extensions.swift; sourceTree = "<group>"; };
		FAEFB28C2A0BFA0A009280B1 /* RMCharacterCollectionViewCell.swift */ = {isa = PBXFileReference; lastKnownFileType = sourcecode.swift; path = RMCharacterCollectionViewCell.swift; sourceTree = "<group>"; };
		FAEFB28E2A0BFBA9009280B1 /* RMCharacterCollectionViewCellViewModel.swift */ = {isa = PBXFileReference; lastKnownFileType = sourcecode.swift; path = RMCharacterCollectionViewCellViewModel.swift; sourceTree = "<group>"; };
		FAEFB2912A0D4FCC009280B1 /* RMCharacterDetailViewController.swift */ = {isa = PBXFileReference; lastKnownFileType = sourcecode.swift; path = RMCharacterDetailViewController.swift; sourceTree = "<group>"; };
		FAEFB2932A0D513C009280B1 /* RMCharacterDetailView.swift */ = {isa = PBXFileReference; lastKnownFileType = sourcecode.swift; path = RMCharacterDetailView.swift; sourceTree = "<group>"; };
		FAEFB2952A0D5171009280B1 /* RMCharacterDetailViewViewModel.swift */ = {isa = PBXFileReference; lastKnownFileType = sourcecode.swift; path = RMCharacterDetailViewViewModel.swift; sourceTree = "<group>"; };
/* End PBXFileReference section */

/* Begin PBXFrameworksBuildPhase section */
		FA4EC7E62A0861C400CD4E53 /* Frameworks */ = {
			isa = PBXFrameworksBuildPhase;
			buildActionMask = 2147483647;
			files = (
			);
			runOnlyForDeploymentPostprocessing = 0;
		};
/* End PBXFrameworksBuildPhase section */

/* Begin PBXGroup section */
		FA4EC7E02A0861C400CD4E53 = {
			isa = PBXGroup;
			children = (
				FA4EC7EB2A0861C400CD4E53 /* RickAndMorty */,
				FA4EC7EA2A0861C400CD4E53 /* Products */,
			);
			sourceTree = "<group>";
		};
		FA4EC7EA2A0861C400CD4E53 /* Products */ = {
			isa = PBXGroup;
			children = (
				FA4EC7E92A0861C400CD4E53 /* RickAndMorty.app */,
			);
			name = Products;
			sourceTree = "<group>";
		};
		FA4EC7EB2A0861C400CD4E53 /* RickAndMorty */ = {
			isa = PBXGroup;
			children = (
				FA4EC8062A0864AF00CD4E53 /* Resources */,
				FA4EC8052A08649E00CD4E53 /* APIClient */,
				FA4EC8042A08648900CD4E53 /* Managers */,
				FA4EC8032A08646C00CD4E53 /* ViewModels */,
				FA4EC8012A08644D00CD4E53 /* Views */,
				FA4EC8002A08643F00CD4E53 /* Models */,
				FA4EC8022A08645900CD4E53 /* Controllers */,
				FA4EC7FA2A0861C500CD4E53 /* Info.plist */,
			);
			path = RickAndMorty;
			sourceTree = "<group>";
		};
		FA4EC8002A08643F00CD4E53 /* Models */ = {
			isa = PBXGroup;
			children = (
				FA4EC8252A0AA97F00CD4E53 /* APIResponseTypes */,
				FA4EC8242A0AA96500CD4E53 /* DataTypes */,
			);
			path = Models;
			sourceTree = "<group>";
		};
		FA4EC8012A08644D00CD4E53 /* Views */ = {
			isa = PBXGroup;
			children = (
				FAEFB2882A0BC201009280B1 /* RMCharacterListView.swift */,
				FAEFB28C2A0BFA0A009280B1 /* RMCharacterCollectionViewCell.swift */,
				FAEFB2932A0D513C009280B1 /* RMCharacterDetailView.swift */,
			);
			path = Views;
			sourceTree = "<group>";
		};
		FA4EC8022A08645900CD4E53 /* Controllers */ = {
			isa = PBXGroup;
			children = (
				FAEFB2902A0D4F9A009280B1 /* Other */,
				FA4EC80D2A08660800CD4E53 /* Core */,
			);
			path = Controllers;
			sourceTree = "<group>";
		};
		FA4EC8032A08646C00CD4E53 /* ViewModels */ = {
			isa = PBXGroup;
			children = (
				FAEFB2862A0BC0E4009280B1 /* RMCharacterListViewViewModel.swift */,
				FAEFB28E2A0BFBA9009280B1 /* RMCharacterCollectionViewCellViewModel.swift */,
				FAEFB2952A0D5171009280B1 /* RMCharacterDetailViewViewModel.swift */,
			);
			path = ViewModels;
			sourceTree = "<group>";
		};
		FA4EC8042A08648900CD4E53 /* Managers */ = {
			isa = PBXGroup;
			children = (
			);
			path = Managers;
			sourceTree = "<group>";
		};
		FA4EC8052A08649E00CD4E53 /* APIClient */ = {
			isa = PBXGroup;
			children = (
				FA4EC8162A0925F700CD4E53 /* RMService.swift */,
				FA4EC8182A09260A00CD4E53 /* RMRequest.swift */,
				FA4EC81A2A0926E200CD4E53 /* RMEndpoint.swift */,
			);
			path = APIClient;
			sourceTree = "<group>";
		};
		FA4EC8062A0864AF00CD4E53 /* Resources */ = {
			isa = PBXGroup;
			children = (
				FA4EC7F52A0861C500CD4E53 /* Assets.xcassets */,
				FA4EC7F72A0861C500CD4E53 /* LaunchScreen.storyboard */,
				FA4EC7EC2A0861C400CD4E53 /* AppDelegate.swift */,
				FA4EC7EE2A0861C400CD4E53 /* SceneDelegate.swift */,
				FAEFB28A2A0BCE87009280B1 /* Extensions.swift */,
			);
			path = Resources;
			sourceTree = "<group>";
		};
		FA4EC80D2A08660800CD4E53 /* Core */ = {
			isa = PBXGroup;
			children = (
				FA4EC7F02A0861C400CD4E53 /* RMTabBarController.swift */,
				FA4EC80E2A08665600CD4E53 /* RMCharacterViewController.swift */,
				FA4EC8102A08666700CD4E53 /* RMLocationViewController.swift */,
				FA4EC8122A08667B00CD4E53 /* RMEpisodeViewController.swift */,
				FA4EC8142A08669F00CD4E53 /* RMSettingsViewController.swift */,
			);
			path = Core;
			sourceTree = "<group>";
		};
		FA4EC8242A0AA96500CD4E53 /* DataTypes */ = {
			isa = PBXGroup;
			children = (
				FA4EC8072A08656E00CD4E53 /* RMLocation.swift */,
				FA4EC8092A08658000CD4E53 /* RMCharacter.swift */,
				FA4EC80B2A08659800CD4E53 /* RMEpisode.swift */,
				FA4EC81C2A094D9100CD4E53 /* RMOrigin.swift */,
				FA4EC81E2A094E3B00CD4E53 /* RMSingleLocation.swift */,
				FA4EC8202A094FA000CD4E53 /* RMCharacterStatus.swift */,
				FA4EC8222A09502D00CD4E53 /* RMCharacterGender.swift */,
			);
			path = DataTypes;
			sourceTree = "<group>";
		};
		FA4EC8252A0AA97F00CD4E53 /* APIResponseTypes */ = {
			isa = PBXGroup;
			children = (
				FA4EC8262A0AAA1500CD4E53 /* RMGetAllCharactersResponse.swift */,
			);
			path = APIResponseTypes;
			sourceTree = "<group>";
		};
		FAEFB2902A0D4F9A009280B1 /* Other */ = {
			isa = PBXGroup;
			children = (
				FAEFB2912A0D4FCC009280B1 /* RMCharacterDetailViewController.swift */,
			);
			path = Other;
			sourceTree = "<group>";
		};
/* End PBXGroup section */

/* Begin PBXNativeTarget section */
		FA4EC7E82A0861C400CD4E53 /* RickAndMorty */ = {
			isa = PBXNativeTarget;
			buildConfigurationList = FA4EC7FD2A0861C500CD4E53 /* Build configuration list for PBXNativeTarget "RickAndMorty" */;
			buildPhases = (
				FA4EC7E52A0861C400CD4E53 /* Sources */,
				FA4EC7E62A0861C400CD4E53 /* Frameworks */,
				FA4EC7E72A0861C400CD4E53 /* Resources */,
			);
			buildRules = (
			);
			dependencies = (
			);
			name = RickAndMorty;
			productName = RickAndMorty;
			productReference = FA4EC7E92A0861C400CD4E53 /* RickAndMorty.app */;
			productType = "com.apple.product-type.application";
		};
/* End PBXNativeTarget section */

/* Begin PBXProject section */
		FA4EC7E12A0861C400CD4E53 /* Project object */ = {
			isa = PBXProject;
			attributes = {
				BuildIndependentTargetsInParallel = 1;
				LastSwiftUpdateCheck = 1430;
				LastUpgradeCheck = 1430;
				TargetAttributes = {
					FA4EC7E82A0861C400CD4E53 = {
						CreatedOnToolsVersion = 14.3;
					};
				};
			};
			buildConfigurationList = FA4EC7E42A0861C400CD4E53 /* Build configuration list for PBXProject "RickAndMorty" */;
			compatibilityVersion = "Xcode 14.0";
			developmentRegion = en;
			hasScannedForEncodings = 0;
			knownRegions = (
				en,
				Base,
			);
			mainGroup = FA4EC7E02A0861C400CD4E53;
			productRefGroup = FA4EC7EA2A0861C400CD4E53 /* Products */;
			projectDirPath = "";
			projectRoot = "";
			targets = (
				FA4EC7E82A0861C400CD4E53 /* RickAndMorty */,
			);
		};
/* End PBXProject section */

/* Begin PBXResourcesBuildPhase section */
		FA4EC7E72A0861C400CD4E53 /* Resources */ = {
			isa = PBXResourcesBuildPhase;
			buildActionMask = 2147483647;
			files = (
				FA4EC7F92A0861C500CD4E53 /* LaunchScreen.storyboard in Resources */,
				FA4EC7F62A0861C500CD4E53 /* Assets.xcassets in Resources */,
			);
			runOnlyForDeploymentPostprocessing = 0;
		};
/* End PBXResourcesBuildPhase section */

/* Begin PBXSourcesBuildPhase section */
		FA4EC7E52A0861C400CD4E53 /* Sources */ = {
			isa = PBXSourcesBuildPhase;
			buildActionMask = 2147483647;
			files = (
				FA4EC8272A0AAA1500CD4E53 /* RMGetAllCharactersResponse.swift in Sources */,
				FAEFB2962A0D5171009280B1 /* RMCharacterDetailViewViewModel.swift in Sources */,
				FA4EC81D2A094D9100CD4E53 /* RMOrigin.swift in Sources */,
				FA4EC81F2A094E3B00CD4E53 /* RMSingleLocation.swift in Sources */,
				FA4EC8212A094FA000CD4E53 /* RMCharacterStatus.swift in Sources */,
				FA4EC8232A09502D00CD4E53 /* RMCharacterGender.swift in Sources */,
				FA4EC8112A08666700CD4E53 /* RMLocationViewController.swift in Sources */,
				FAEFB2922A0D4FCC009280B1 /* RMCharacterDetailViewController.swift in Sources */,
				FA4EC80C2A08659800CD4E53 /* RMEpisode.swift in Sources */,
				FA4EC7F12A0861C400CD4E53 /* RMTabBarController.swift in Sources */,
				FA4EC8132A08667B00CD4E53 /* RMEpisodeViewController.swift in Sources */,
				FAEFB28D2A0BFA0A009280B1 /* RMCharacterCollectionViewCell.swift in Sources */,
				FAEFB2872A0BC0E4009280B1 /* RMCharacterListViewViewModel.swift in Sources */,
				FA4EC7ED2A0861C400CD4E53 /* AppDelegate.swift in Sources */,
				FA4EC7EF2A0861C400CD4E53 /* SceneDelegate.swift in Sources */,
				FA4EC8152A08669F00CD4E53 /* RMSettingsViewController.swift in Sources */,
				FAEFB28B2A0BCE87009280B1 /* Extensions.swift in Sources */,
				FA4EC8172A0925F700CD4E53 /* RMService.swift in Sources */,
				FA4EC8082A08656E00CD4E53 /* RMLocation.swift in Sources */,
				FAEFB2892A0BC201009280B1 /* RMCharacterListView.swift in Sources */,
				FA4EC81B2A0926E200CD4E53 /* RMEndpoint.swift in Sources */,
				FAEFB28F2A0BFBA9009280B1 /* RMCharacterCollectionViewCellViewModel.swift in Sources */,
				FA4EC80A2A08658000CD4E53 /* RMCharacter.swift in Sources */,
				FA4EC8192A09260A00CD4E53 /* RMRequest.swift in Sources */,
				FA4EC80F2A08665600CD4E53 /* RMCharacterViewController.swift in Sources */,
				FAEFB2942A0D513C009280B1 /* RMCharacterDetailView.swift in Sources */,
			);
			runOnlyForDeploymentPostprocessing = 0;
		};
/* End PBXSourcesBuildPhase section */

/* Begin PBXVariantGroup section */
		FA4EC7F72A0861C500CD4E53 /* LaunchScreen.storyboard */ = {
			isa = PBXVariantGroup;
			children = (
				FA4EC7F82A0861C500CD4E53 /* Base */,
			);
			name = LaunchScreen.storyboard;
			sourceTree = "<group>";
		};
/* End PBXVariantGroup section */

/* Begin XCBuildConfiguration section */
		FA4EC7FB2A0861C500CD4E53 /* Debug */ = {
			isa = XCBuildConfiguration;
			buildSettings = {
				ALWAYS_SEARCH_USER_PATHS = NO;
				CLANG_ANALYZER_NONNULL = YES;
				CLANG_ANALYZER_NUMBER_OBJECT_CONVERSION = YES_AGGRESSIVE;
				CLANG_CXX_LANGUAGE_STANDARD = "gnu++20";
				CLANG_ENABLE_MODULES = YES;
				CLANG_ENABLE_OBJC_ARC = YES;
				CLANG_ENABLE_OBJC_WEAK = YES;
				CLANG_WARN_BLOCK_CAPTURE_AUTORELEASING = YES;
				CLANG_WARN_BOOL_CONVERSION = YES;
				CLANG_WARN_COMMA = YES;
				CLANG_WARN_CONSTANT_CONVERSION = YES;
				CLANG_WARN_DEPRECATED_OBJC_IMPLEMENTATIONS = YES;
				CLANG_WARN_DIRECT_OBJC_ISA_USAGE = YES_ERROR;
				CLANG_WARN_DOCUMENTATION_COMMENTS = YES;
				CLANG_WARN_EMPTY_BODY = YES;
				CLANG_WARN_ENUM_CONVERSION = YES;
				CLANG_WARN_INFINITE_RECURSION = YES;
				CLANG_WARN_INT_CONVERSION = YES;
				CLANG_WARN_NON_LITERAL_NULL_CONVERSION = YES;
				CLANG_WARN_OBJC_IMPLICIT_RETAIN_SELF = YES;
				CLANG_WARN_OBJC_LITERAL_CONVERSION = YES;
				CLANG_WARN_OBJC_ROOT_CLASS = YES_ERROR;
				CLANG_WARN_QUOTED_INCLUDE_IN_FRAMEWORK_HEADER = YES;
				CLANG_WARN_RANGE_LOOP_ANALYSIS = YES;
				CLANG_WARN_STRICT_PROTOTYPES = YES;
				CLANG_WARN_SUSPICIOUS_MOVE = YES;
				CLANG_WARN_UNGUARDED_AVAILABILITY = YES_AGGRESSIVE;
				CLANG_WARN_UNREACHABLE_CODE = YES;
				CLANG_WARN__DUPLICATE_METHOD_MATCH = YES;
				COPY_PHASE_STRIP = NO;
				DEBUG_INFORMATION_FORMAT = dwarf;
				ENABLE_STRICT_OBJC_MSGSEND = YES;
				ENABLE_TESTABILITY = YES;
				GCC_C_LANGUAGE_STANDARD = gnu11;
				GCC_DYNAMIC_NO_PIC = NO;
				GCC_NO_COMMON_BLOCKS = YES;
				GCC_OPTIMIZATION_LEVEL = 0;
				GCC_PREPROCESSOR_DEFINITIONS = (
					"DEBUG=1",
					"$(inherited)",
				);
				GCC_WARN_64_TO_32_BIT_CONVERSION = YES;
				GCC_WARN_ABOUT_RETURN_TYPE = YES_ERROR;
				GCC_WARN_UNDECLARED_SELECTOR = YES;
				GCC_WARN_UNINITIALIZED_AUTOS = YES_AGGRESSIVE;
				GCC_WARN_UNUSED_FUNCTION = YES;
				GCC_WARN_UNUSED_VARIABLE = YES;
				IPHONEOS_DEPLOYMENT_TARGET = 16.4;
				MTL_ENABLE_DEBUG_INFO = INCLUDE_SOURCE;
				MTL_FAST_MATH = YES;
				ONLY_ACTIVE_ARCH = YES;
				SDKROOT = iphoneos;
				SWIFT_ACTIVE_COMPILATION_CONDITIONS = DEBUG;
				SWIFT_OPTIMIZATION_LEVEL = "-Onone";
			};
			name = Debug;
		};
		FA4EC7FC2A0861C500CD4E53 /* Release */ = {
			isa = XCBuildConfiguration;
			buildSettings = {
				ALWAYS_SEARCH_USER_PATHS = NO;
				CLANG_ANALYZER_NONNULL = YES;
				CLANG_ANALYZER_NUMBER_OBJECT_CONVERSION = YES_AGGRESSIVE;
				CLANG_CXX_LANGUAGE_STANDARD = "gnu++20";
				CLANG_ENABLE_MODULES = YES;
				CLANG_ENABLE_OBJC_ARC = YES;
				CLANG_ENABLE_OBJC_WEAK = YES;
				CLANG_WARN_BLOCK_CAPTURE_AUTORELEASING = YES;
				CLANG_WARN_BOOL_CONVERSION = YES;
				CLANG_WARN_COMMA = YES;
				CLANG_WARN_CONSTANT_CONVERSION = YES;
				CLANG_WARN_DEPRECATED_OBJC_IMPLEMENTATIONS = YES;
				CLANG_WARN_DIRECT_OBJC_ISA_USAGE = YES_ERROR;
				CLANG_WARN_DOCUMENTATION_COMMENTS = YES;
				CLANG_WARN_EMPTY_BODY = YES;
				CLANG_WARN_ENUM_CONVERSION = YES;
				CLANG_WARN_INFINITE_RECURSION = YES;
				CLANG_WARN_INT_CONVERSION = YES;
				CLANG_WARN_NON_LITERAL_NULL_CONVERSION = YES;
				CLANG_WARN_OBJC_IMPLICIT_RETAIN_SELF = YES;
				CLANG_WARN_OBJC_LITERAL_CONVERSION = YES;
				CLANG_WARN_OBJC_ROOT_CLASS = YES_ERROR;
				CLANG_WARN_QUOTED_INCLUDE_IN_FRAMEWORK_HEADER = YES;
				CLANG_WARN_RANGE_LOOP_ANALYSIS = YES;
				CLANG_WARN_STRICT_PROTOTYPES = YES;
				CLANG_WARN_SUSPICIOUS_MOVE = YES;
				CLANG_WARN_UNGUARDED_AVAILABILITY = YES_AGGRESSIVE;
				CLANG_WARN_UNREACHABLE_CODE = YES;
				CLANG_WARN__DUPLICATE_METHOD_MATCH = YES;
				COPY_PHASE_STRIP = NO;
				DEBUG_INFORMATION_FORMAT = "dwarf-with-dsym";
				ENABLE_NS_ASSERTIONS = NO;
				ENABLE_STRICT_OBJC_MSGSEND = YES;
				GCC_C_LANGUAGE_STANDARD = gnu11;
				GCC_NO_COMMON_BLOCKS = YES;
				GCC_WARN_64_TO_32_BIT_CONVERSION = YES;
				GCC_WARN_ABOUT_RETURN_TYPE = YES_ERROR;
				GCC_WARN_UNDECLARED_SELECTOR = YES;
				GCC_WARN_UNINITIALIZED_AUTOS = YES_AGGRESSIVE;
				GCC_WARN_UNUSED_FUNCTION = YES;
				GCC_WARN_UNUSED_VARIABLE = YES;
				IPHONEOS_DEPLOYMENT_TARGET = 16.4;
				MTL_ENABLE_DEBUG_INFO = NO;
				MTL_FAST_MATH = YES;
				SDKROOT = iphoneos;
				SWIFT_COMPILATION_MODE = wholemodule;
				SWIFT_OPTIMIZATION_LEVEL = "-O";
				VALIDATE_PRODUCT = YES;
			};
			name = Release;
		};
		FA4EC7FE2A0861C500CD4E53 /* Debug */ = {
			isa = XCBuildConfiguration;
			buildSettings = {
				ASSETCATALOG_COMPILER_APPICON_NAME = AppIcon;
				ASSETCATALOG_COMPILER_GLOBAL_ACCENT_COLOR_NAME = AccentColor;
				CODE_SIGN_STYLE = Automatic;
				CURRENT_PROJECT_VERSION = 1;
				DEVELOPMENT_TEAM = Q6D3DZE2WM;
				GENERATE_INFOPLIST_FILE = YES;
				INFOPLIST_FILE = RickAndMorty/Info.plist;
				INFOPLIST_KEY_UIApplicationSupportsIndirectInputEvents = YES;
				INFOPLIST_KEY_UILaunchStoryboardName = LaunchScreen;
				INFOPLIST_KEY_UISupportedInterfaceOrientations_iPad = "UIInterfaceOrientationPortrait UIInterfaceOrientationPortraitUpsideDown UIInterfaceOrientationLandscapeLeft UIInterfaceOrientationLandscapeRight";
				INFOPLIST_KEY_UISupportedInterfaceOrientations_iPhone = "UIInterfaceOrientationPortrait UIInterfaceOrientationLandscapeLeft UIInterfaceOrientationLandscapeRight";
				LD_RUNPATH_SEARCH_PATHS = (
					"$(inherited)",
					"@executable_path/Frameworks",
				);
				MARKETING_VERSION = 1.0;
				PRODUCT_BUNDLE_IDENTIFIER = "murad-kv.RickAndMorty";
				PRODUCT_NAME = "$(TARGET_NAME)";
				SWIFT_EMIT_LOC_STRINGS = YES;
				SWIFT_VERSION = 5.0;
				TARGETED_DEVICE_FAMILY = "1,2";
			};
			name = Debug;
		};
		FA4EC7FF2A0861C500CD4E53 /* Release */ = {
			isa = XCBuildConfiguration;
			buildSettings = {
				ASSETCATALOG_COMPILER_APPICON_NAME = AppIcon;
				ASSETCATALOG_COMPILER_GLOBAL_ACCENT_COLOR_NAME = AccentColor;
				CODE_SIGN_STYLE = Automatic;
				CURRENT_PROJECT_VERSION = 1;
				DEVELOPMENT_TEAM = Q6D3DZE2WM;
				GENERATE_INFOPLIST_FILE = YES;
				INFOPLIST_FILE = RickAndMorty/Info.plist;
				INFOPLIST_KEY_UIApplicationSupportsIndirectInputEvents = YES;
				INFOPLIST_KEY_UILaunchStoryboardName = LaunchScreen;
				INFOPLIST_KEY_UISupportedInterfaceOrientations_iPad = "UIInterfaceOrientationPortrait UIInterfaceOrientationPortraitUpsideDown UIInterfaceOrientationLandscapeLeft UIInterfaceOrientationLandscapeRight";
				INFOPLIST_KEY_UISupportedInterfaceOrientations_iPhone = "UIInterfaceOrientationPortrait UIInterfaceOrientationLandscapeLeft UIInterfaceOrientationLandscapeRight";
				LD_RUNPATH_SEARCH_PATHS = (
					"$(inherited)",
					"@executable_path/Frameworks",
				);
				MARKETING_VERSION = 1.0;
				PRODUCT_BUNDLE_IDENTIFIER = "murad-kv.RickAndMorty";
				PRODUCT_NAME = "$(TARGET_NAME)";
				SWIFT_EMIT_LOC_STRINGS = YES;
				SWIFT_VERSION = 5.0;
				TARGETED_DEVICE_FAMILY = "1,2";
			};
			name = Release;
		};
/* End XCBuildConfiguration section */

/* Begin XCConfigurationList section */
		FA4EC7E42A0861C400CD4E53 /* Build configuration list for PBXProject "RickAndMorty" */ = {
			isa = XCConfigurationList;
			buildConfigurations = (
				FA4EC7FB2A0861C500CD4E53 /* Debug */,
				FA4EC7FC2A0861C500CD4E53 /* Release */,
			);
			defaultConfigurationIsVisible = 0;
			defaultConfigurationName = Release;
		};
		FA4EC7FD2A0861C500CD4E53 /* Build configuration list for PBXNativeTarget "RickAndMorty" */ = {
			isa = XCConfigurationList;
			buildConfigurations = (
				FA4EC7FE2A0861C500CD4E53 /* Debug */,
				FA4EC7FF2A0861C500CD4E53 /* Release */,
			);
			defaultConfigurationIsVisible = 0;
			defaultConfigurationName = Release;
		};
/* End XCConfigurationList section */
	};
	rootObject = FA4EC7E12A0861C400CD4E53 /* Project object */;
}
